
Microsoft Visual Studio Solution File, Format Version 12.00
# Visual Studio Version 17
VisualStudioVersion = 17.5.33530.505
MinimumVisualStudioVersion = 10.0.40219.1
Project("{FAE04EC0-301F-11D3-BF4B-00C04F79EFBC}") = "Hserp_UI", "Hserp_UI\Hserp_UI.csproj", "{B67691D0-58D4-4215-9486-E884F3E02CDD}"
EndProject
Global
	GlobalSection(SolutionConfigurationPlatforms) = preSolution
		Debug|Any CPU = Debug|Any CPU
		Release|Any CPU = Release|Any CPU
	EndGlobalSection
	GlobalSection(ProjectConfigurationPlatforms) = postSolution
		{B67691D0-58D4-4215-9486-E884F3E02CDD}.Debug|Any CPU.ActiveCfg = Debug|Any CPU
		{B67691D0-58D4-4215-9486-E884F3E02CDD}.Debug|Any CPU.Build.0 = Debug|Any CPU
		{B67691D0-58D4-4215-9486-E884F3E02CDD}.Release|Any CPU.ActiveCfg = Release|Any CPU
		{B67691D0-58D4-4215-9486-E884F3E02CDD}.Release|Any CPU.Build.0 = Release|Any CPU
	EndGlobalSection
	GlobalSection(SolutionProperties) = preSolution
		HideSolutionNode = FALSE
	EndGlobalSection
	GlobalSection(ExtensibilityGlobals) = postSolution
		SolutionGuid = {9FC95F0E-57D6-4FF7-A0DA-7AA84282E1F7}
	EndGlobalSection
EndGlobal
